
Microsoft Visual Studio Solution File, Format Version 12.00
# Visual Studio 15
VisualStudioVersion = 15.0.28307.136
MinimumVisualStudioVersion = 10.0.40219.1
Project("{FAE04EC0-301F-11D3-BF4B-00C04F79EFBC}") = "Jalasoft.DevBootcamp.Pc", "Jalasoft.DevBootcamp.Pc\Jalasoft.DevBootcamp.Pc.csproj", "{EAE8DADC-6BAC-483E-BAC2-10C66C9AEC88}"
EndProject
Project("{FAE04EC0-301F-11D3-BF4B-00C04F79EFBC}") = "Main", "Main\Main.csproj", "{FC804187-4C9C-4A11-BD07-FE5D6059AB14}"
EndProject
Global
	GlobalSection(SolutionConfigurationPlatforms) = preSolution
		Debug|Any CPU = Debug|Any CPU
		Release|Any CPU = Release|Any CPU
	EndGlobalSection
	GlobalSection(ProjectConfigurationPlatforms) = postSolution
		{EAE8DADC-6BAC-483E-BAC2-10C66C9AEC88}.Debug|Any CPU.ActiveCfg = Debug|Any CPU
		{EAE8DADC-6BAC-483E-BAC2-10C66C9AEC88}.Debug|Any CPU.Build.0 = Debug|Any CPU
		{EAE8DADC-6BAC-483E-BAC2-10C66C9AEC88}.Release|Any CPU.ActiveCfg = Release|Any CPU
		{EAE8DADC-6BAC-483E-BAC2-10C66C9AEC88}.Release|Any CPU.Build.0 = Release|Any CPU
		{FC804187-4C9C-4A11-BD07-FE5D6059AB14}.Debug|Any CPU.ActiveCfg = Debug|Any CPU
		{FC804187-4C9C-4A11-BD07-FE5D6059AB14}.Debug|Any CPU.Build.0 = Debug|Any CPU
		{FC804187-4C9C-4A11-BD07-FE5D6059AB14}.Release|Any CPU.ActiveCfg = Release|Any CPU
		{FC804187-4C9C-4A11-BD07-FE5D6059AB14}.Release|Any CPU.Build.0 = Release|Any CPU
	EndGlobalSection
	GlobalSection(SolutionProperties) = preSolution
		HideSolutionNode = FALSE
	EndGlobalSection
	GlobalSection(ExtensibilityGlobals) = postSolution
		SolutionGuid = {F1697B3C-EBD8-447A-A57C-4DBCFE5544AB}
	EndGlobalSection
EndGlobal
